
Microsoft Visual Studio Solution File, Format Version 12.00
# Visual Studio Version 17
VisualStudioVersion = 17.3.32819.101
MinimumVisualStudioVersion = 10.0.40219.1
Project("{9A19103F-16F7-4668-BE54-9A1E7A4F7556}") = "MassTransit.GettingStarted.Worker", "MassTransit.GettingStarted.Worker\MassTransit.GettingStarted.Worker.csproj", "{7B565A7A-216D-4CD7-973E-12EA3306EAFF}"
EndProject
Project("{9A19103F-16F7-4668-BE54-9A1E7A4F7556}") = "MassTransit.GettingStarted.Contracts", "MassTransit.GettingStarted.Contracts\MassTransit.GettingStarted.Contracts.csproj", "{9E2663EF-B6C0-460E-95DD-BAB9E6BB32F0}"
EndProject
Project("{9A19103F-16F7-4668-BE54-9A1E7A4F7556}") = "MassTransit.GettingStarted.Consumer", "MassTransit.GettingStarted.Consumer\MassTransit.GettingStarted.Consumer.csproj", "{F94B0E03-3E73-4245-A3BA-57E0211FA73B}"
EndProject
Global
	GlobalSection(SolutionConfigurationPlatforms) = preSolution
		Debug|Any CPU = Debug|Any CPU
		Release|Any CPU = Release|Any CPU
	EndGlobalSection
	GlobalSection(ProjectConfigurationPlatforms) = postSolution
		{7B565A7A-216D-4CD7-973E-12EA3306EAFF}.Debug|Any CPU.ActiveCfg = Debug|Any CPU
		{7B565A7A-216D-4CD7-973E-12EA3306EAFF}.Debug|Any CPU.Build.0 = Debug|Any CPU
		{7B565A7A-216D-4CD7-973E-12EA3306EAFF}.Release|Any CPU.ActiveCfg = Release|Any CPU
		{7B565A7A-216D-4CD7-973E-12EA3306EAFF}.Release|Any CPU.Build.0 = Release|Any CPU
		{9E2663EF-B6C0-460E-95DD-BAB9E6BB32F0}.Debug|Any CPU.ActiveCfg = Debug|Any CPU
		{9E2663EF-B6C0-460E-95DD-BAB9E6BB32F0}.Debug|Any CPU.Build.0 = Debug|Any CPU
		{9E2663EF-B6C0-460E-95DD-BAB9E6BB32F0}.Release|Any CPU.ActiveCfg = Release|Any CPU
		{9E2663EF-B6C0-460E-95DD-BAB9E6BB32F0}.Release|Any CPU.Build.0 = Release|Any CPU
		{F94B0E03-3E73-4245-A3BA-57E0211FA73B}.Debug|Any CPU.ActiveCfg = Debug|Any CPU
		{F94B0E03-3E73-4245-A3BA-57E0211FA73B}.Debug|Any CPU.Build.0 = Debug|Any CPU
		{F94B0E03-3E73-4245-A3BA-57E0211FA73B}.Release|Any CPU.ActiveCfg = Release|Any CPU
		{F94B0E03-3E73-4245-A3BA-57E0211FA73B}.Release|Any CPU.Build.0 = Release|Any CPU
	EndGlobalSection
	GlobalSection(SolutionProperties) = preSolution
		HideSolutionNode = FALSE
	EndGlobalSection
	GlobalSection(ExtensibilityGlobals) = postSolution
		SolutionGuid = {31733EA4-E7FF-4426-A5DB-D5ADE0ABDB24}
	EndGlobalSection
EndGlobal
